
Microsoft Visual Studio Solution File, Format Version 12.00
# Visual Studio Version 17
VisualStudioVersion = 17.9.34607.119
MinimumVisualStudioVersion = 10.0.40219.1
Project("{FAE04EC0-301F-11D3-BF4B-00C04F79EFBC}") = "Event_cs", "Event_cs\Event_cs.csproj", "{3949319D-BE3A-482D-BBD2-1E26697248FE}"
EndProject
Project("{FAE04EC0-301F-11D3-BF4B-00C04F79EFBC}") = "TestEvent", "TestEvent\TestEvent.csproj", "{20EFC8B3-2079-4671-931E-C6641EAF85EC}"
EndProject
Global
	GlobalSection(SolutionConfigurationPlatforms) = preSolution
		Debug|Any CPU = Debug|Any CPU
		Release|Any CPU = Release|Any CPU
	EndGlobalSection
	GlobalSection(ProjectConfigurationPlatforms) = postSolution
		{3949319D-BE3A-482D-BBD2-1E26697248FE}.Debug|Any CPU.ActiveCfg = Debug|Any CPU
		{3949319D-BE3A-482D-BBD2-1E26697248FE}.Debug|Any CPU.Build.0 = Debug|Any CPU
		{3949319D-BE3A-482D-BBD2-1E26697248FE}.Release|Any CPU.ActiveCfg = Release|Any CPU
		{3949319D-BE3A-482D-BBD2-1E26697248FE}.Release|Any CPU.Build.0 = Release|Any CPU
		{20EFC8B3-2079-4671-931E-C6641EAF85EC}.Debug|Any CPU.ActiveCfg = Debug|Any CPU
		{20EFC8B3-2079-4671-931E-C6641EAF85EC}.Debug|Any CPU.Build.0 = Debug|Any CPU
		{20EFC8B3-2079-4671-931E-C6641EAF85EC}.Release|Any CPU.ActiveCfg = Release|Any CPU
		{20EFC8B3-2079-4671-931E-C6641EAF85EC}.Release|Any CPU.Build.0 = Release|Any CPU
	EndGlobalSection
	GlobalSection(SolutionProperties) = preSolution
		HideSolutionNode = FALSE
	EndGlobalSection
	GlobalSection(ExtensibilityGlobals) = postSolution
		SolutionGuid = {380708AE-8DAA-4046-B63C-71FDE4BC7208}
	EndGlobalSection
EndGlobal
